
Microsoft Visual Studio Solution File, Format Version 12.00
# Visual Studio Version 16
VisualStudioVersion = 16.0.29911.84
MinimumVisualStudioVersion = 10.0.40219.1
Project("{9A19103F-16F7-4668-BE54-9A1E7A4F7556}") = "Acme.MessageSender.Core", "Acme.MessageSender.Core\Acme.MessageSender.Core.csproj", "{B6262AFB-24E6-4891-A13E-7AACDC9AE414}"
EndProject
Project("{9A19103F-16F7-4668-BE54-9A1E7A4F7556}") = "Acme.MessageSender.Service", "Acme.MessageSender.Service\Acme.MessageSender.Service.csproj", "{695B5CA0-B18E-47EE-8365-0EC8A7D7C17D}"
EndProject
Project("{FAE04EC0-301F-11D3-BF4B-00C04F79EFBC}") = "Acme.MessageSender.Infrastructure", "Acme.MessageSender.Infrastructure\Acme.MessageSender.Infrastructure.csproj", "{E6F39E6D-8756-441F-BB9C-38914DD3CA80}"
EndProject
Project("{FAE04EC0-301F-11D3-BF4B-00C04F79EFBC}") = "Acme.MessageSender.Common", "Acme.MessageSender.Common\Acme.MessageSender.Common.csproj", "{17E11400-EB9B-4E9B-A859-460A6C0BB78E}"
EndProject
Global
	GlobalSection(SolutionConfigurationPlatforms) = preSolution
		Debug|Any CPU = Debug|Any CPU
		Release|Any CPU = Release|Any CPU
	EndGlobalSection
	GlobalSection(ProjectConfigurationPlatforms) = postSolution
		{B6262AFB-24E6-4891-A13E-7AACDC9AE414}.Debug|Any CPU.ActiveCfg = Debug|Any CPU
		{B6262AFB-24E6-4891-A13E-7AACDC9AE414}.Debug|Any CPU.Build.0 = Debug|Any CPU
		{B6262AFB-24E6-4891-A13E-7AACDC9AE414}.Release|Any CPU.ActiveCfg = Release|Any CPU
		{B6262AFB-24E6-4891-A13E-7AACDC9AE414}.Release|Any CPU.Build.0 = Release|Any CPU
		{695B5CA0-B18E-47EE-8365-0EC8A7D7C17D}.Debug|Any CPU.ActiveCfg = Debug|Any CPU
		{695B5CA0-B18E-47EE-8365-0EC8A7D7C17D}.Debug|Any CPU.Build.0 = Debug|Any CPU
		{695B5CA0-B18E-47EE-8365-0EC8A7D7C17D}.Release|Any CPU.ActiveCfg = Release|Any CPU
		{695B5CA0-B18E-47EE-8365-0EC8A7D7C17D}.Release|Any CPU.Build.0 = Release|Any CPU
		{E6F39E6D-8756-441F-BB9C-38914DD3CA80}.Debug|Any CPU.ActiveCfg = Debug|Any CPU
		{E6F39E6D-8756-441F-BB9C-38914DD3CA80}.Debug|Any CPU.Build.0 = Debug|Any CPU
		{E6F39E6D-8756-441F-BB9C-38914DD3CA80}.Release|Any CPU.ActiveCfg = Release|Any CPU
		{E6F39E6D-8756-441F-BB9C-38914DD3CA80}.Release|Any CPU.Build.0 = Release|Any CPU
		{17E11400-EB9B-4E9B-A859-460A6C0BB78E}.Debug|Any CPU.ActiveCfg = Debug|Any CPU
		{17E11400-EB9B-4E9B-A859-460A6C0BB78E}.Debug|Any CPU.Build.0 = Debug|Any CPU
		{17E11400-EB9B-4E9B-A859-460A6C0BB78E}.Release|Any CPU.ActiveCfg = Release|Any CPU
		{17E11400-EB9B-4E9B-A859-460A6C0BB78E}.Release|Any CPU.Build.0 = Release|Any CPU
	EndGlobalSection
	GlobalSection(SolutionProperties) = preSolution
		HideSolutionNode = FALSE
	EndGlobalSection
	GlobalSection(ExtensibilityGlobals) = postSolution
		SolutionGuid = {A9721D9E-72C3-4262-88EA-A6EE99965D7D}
	EndGlobalSection
EndGlobal
